
Microsoft Visual Studio Solution File, Format Version 11.00
# Visual Studio 2010
Project("{FAE04EC0-301F-11D3-BF4B-00C04F79EFBC}") = "Unity-Chan Reloaded", "Assembly-CSharp-firstpass.csproj", "{B6E4F9DF-8328-C274-E066-E40163E8E43F}"
EndProject
Project("{FAE04EC0-301F-11D3-BF4B-00C04F79EFBC}") = "Unity-Chan Reloaded", "Assembly-CSharp.csproj", "{C6CA7A14-A5B7-8262-D81A-744FBB1B1F20}"
EndProject
Project("{FAE04EC0-301F-11D3-BF4B-00C04F79EFBC}") = "Unity-Chan Reloaded", "Assembly-CSharp-Editor-firstpass.csproj", "{49BC2C6C-65E0-2CF3-A2ED-C6207617EC51}"
EndProject
Global
	GlobalSection(SolutionConfigurationPlatforms) = preSolution
		Debug|Any CPU = Debug|Any CPU
		Release|Any CPU = Release|Any CPU
	EndGlobalSection
	GlobalSection(ProjectConfigurationPlatforms) = postSolution
		{B6E4F9DF-8328-C274-E066-E40163E8E43F}.Debug|Any CPU.ActiveCfg = Debug|Any CPU
		{B6E4F9DF-8328-C274-E066-E40163E8E43F}.Debug|Any CPU.Build.0 = Debug|Any CPU
		{B6E4F9DF-8328-C274-E066-E40163E8E43F}.Release|Any CPU.ActiveCfg = Release|Any CPU
		{B6E4F9DF-8328-C274-E066-E40163E8E43F}.Release|Any CPU.Build.0 = Release|Any CPU
		{C6CA7A14-A5B7-8262-D81A-744FBB1B1F20}.Debug|Any CPU.ActiveCfg = Debug|Any CPU
		{C6CA7A14-A5B7-8262-D81A-744FBB1B1F20}.Debug|Any CPU.Build.0 = Debug|Any CPU
		{C6CA7A14-A5B7-8262-D81A-744FBB1B1F20}.Release|Any CPU.ActiveCfg = Release|Any CPU
		{C6CA7A14-A5B7-8262-D81A-744FBB1B1F20}.Release|Any CPU.Build.0 = Release|Any CPU
		{49BC2C6C-65E0-2CF3-A2ED-C6207617EC51}.Debug|Any CPU.ActiveCfg = Debug|Any CPU
		{49BC2C6C-65E0-2CF3-A2ED-C6207617EC51}.Debug|Any CPU.Build.0 = Debug|Any CPU
		{49BC2C6C-65E0-2CF3-A2ED-C6207617EC51}.Release|Any CPU.ActiveCfg = Release|Any CPU
		{49BC2C6C-65E0-2CF3-A2ED-C6207617EC51}.Release|Any CPU.Build.0 = Release|Any CPU
	EndGlobalSection
	GlobalSection(SolutionProperties) = preSolution
		HideSolutionNode = FALSE
	EndGlobalSection
	GlobalSection(MonoDevelopProperties) = preSolution
		StartupItem = Assembly-CSharp.csproj
	EndGlobalSection
EndGlobal
