
Microsoft Visual Studio Solution File, Format Version 11.00
# Visual Studio 2010
Project("{FAE04EC0-301F-11D3-BF4B-00C04F79EFBC}") = "Unity-Chan-Reloaded", "Assembly-CSharp.csproj", "{FCCB7DD7-62F6-F8A3-F1FA-21AC492ABF58}"
EndProject
Project("{FAE04EC0-301F-11D3-BF4B-00C04F79EFBC}") = "Unity-Chan-Reloaded", "Assembly-CSharp-firstpass.csproj", "{FBCECA04-CADC-8D0D-5D3B-E197661DC535}"
EndProject
Project("{FAE04EC0-301F-11D3-BF4B-00C04F79EFBC}") = "Unity-Chan-Reloaded", "Assembly-CSharp-Editor-firstpass.csproj", "{A90E62EA-348D-2A99-6591-5DD2B46E449B}"
EndProject
Global
	GlobalSection(SolutionConfigurationPlatforms) = preSolution
		Debug|Any CPU = Debug|Any CPU
		Release|Any CPU = Release|Any CPU
	EndGlobalSection
	GlobalSection(ProjectConfigurationPlatforms) = postSolution
		{FCCB7DD7-62F6-F8A3-F1FA-21AC492ABF58}.Debug|Any CPU.ActiveCfg = Debug|Any CPU
		{FCCB7DD7-62F6-F8A3-F1FA-21AC492ABF58}.Debug|Any CPU.Build.0 = Debug|Any CPU
		{FCCB7DD7-62F6-F8A3-F1FA-21AC492ABF58}.Release|Any CPU.ActiveCfg = Release|Any CPU
		{FCCB7DD7-62F6-F8A3-F1FA-21AC492ABF58}.Release|Any CPU.Build.0 = Release|Any CPU
		{FBCECA04-CADC-8D0D-5D3B-E197661DC535}.Debug|Any CPU.ActiveCfg = Debug|Any CPU
		{FBCECA04-CADC-8D0D-5D3B-E197661DC535}.Debug|Any CPU.Build.0 = Debug|Any CPU
		{FBCECA04-CADC-8D0D-5D3B-E197661DC535}.Release|Any CPU.ActiveCfg = Release|Any CPU
		{FBCECA04-CADC-8D0D-5D3B-E197661DC535}.Release|Any CPU.Build.0 = Release|Any CPU
		{A90E62EA-348D-2A99-6591-5DD2B46E449B}.Debug|Any CPU.ActiveCfg = Debug|Any CPU
		{A90E62EA-348D-2A99-6591-5DD2B46E449B}.Debug|Any CPU.Build.0 = Debug|Any CPU
		{A90E62EA-348D-2A99-6591-5DD2B46E449B}.Release|Any CPU.ActiveCfg = Release|Any CPU
		{A90E62EA-348D-2A99-6591-5DD2B46E449B}.Release|Any CPU.Build.0 = Release|Any CPU
	EndGlobalSection
	GlobalSection(SolutionProperties) = preSolution
		HideSolutionNode = FALSE
	EndGlobalSection
	GlobalSection(MonoDevelopProperties) = preSolution
		StartupItem = Assembly-CSharp.csproj
	EndGlobalSection
EndGlobal
